
Microsoft Visual Studio Solution File, Format Version 12.00
# Visual Studio 2012
Project("{FAE04EC0-301F-11D3-BF4B-00C04F79EFBC}") = "SA.Api", "source\SP.Api\SA.Api.csproj", "{CA9E9C86-5DB4-428E-98DD-CD68597EE2D2}"
EndProject
Project("{FAE04EC0-301F-11D3-BF4B-00C04F79EFBC}") = "SA.Web.UI", "source\SA.Web.UI\SA.Web.UI.csproj", "{0B642A34-7F5E-452D-B058-F5B61BF206C5}"
EndProject
Global
	GlobalSection(SolutionConfigurationPlatforms) = preSolution
		Debug|Any CPU = Debug|Any CPU
		Release|Any CPU = Release|Any CPU
	EndGlobalSection
	GlobalSection(ProjectConfigurationPlatforms) = postSolution
		{CA9E9C86-5DB4-428E-98DD-CD68597EE2D2}.Debug|Any CPU.ActiveCfg = Debug|Any CPU
		{CA9E9C86-5DB4-428E-98DD-CD68597EE2D2}.Debug|Any CPU.Build.0 = Debug|Any CPU
		{CA9E9C86-5DB4-428E-98DD-CD68597EE2D2}.Release|Any CPU.ActiveCfg = Release|Any CPU
		{CA9E9C86-5DB4-428E-98DD-CD68597EE2D2}.Release|Any CPU.Build.0 = Release|Any CPU
		{0B642A34-7F5E-452D-B058-F5B61BF206C5}.Debug|Any CPU.ActiveCfg = Debug|Any CPU
		{0B642A34-7F5E-452D-B058-F5B61BF206C5}.Debug|Any CPU.Build.0 = Debug|Any CPU
		{0B642A34-7F5E-452D-B058-F5B61BF206C5}.Release|Any CPU.ActiveCfg = Release|Any CPU
		{0B642A34-7F5E-452D-B058-F5B61BF206C5}.Release|Any CPU.Build.0 = Release|Any CPU
	EndGlobalSection
	GlobalSection(SolutionProperties) = preSolution
		HideSolutionNode = FALSE
	EndGlobalSection
EndGlobal
